
Microsoft Visual Studio Solution File, Format Version 12.00
# Visual Studio Version 16
VisualStudioVersion = 16.0.31321.278
MinimumVisualStudioVersion = 10.0.40219.1
Project("{FAE04EC0-301F-11D3-BF4B-00C04F79EFBC}") = "QuotesMaster.Tests", "QuotesMaster.Tests.csproj", "{BB61AAD2-F59F-4F83-AB69-1F0936875388}"
EndProject
Project("{9A19103F-16F7-4668-BE54-9A1E7A4F7556}") = "QuotesMaster", "..\QuotesMaster\QuotesMaster.csproj", "{4F6A5DBE-391E-4A89-BB15-3DB604A2A0E7}"
EndProject
Global
	GlobalSection(SolutionConfigurationPlatforms) = preSolution
		Debug|Any CPU = Debug|Any CPU
		Release|Any CPU = Release|Any CPU
	EndGlobalSection
	GlobalSection(ProjectConfigurationPlatforms) = postSolution
		{BB61AAD2-F59F-4F83-AB69-1F0936875388}.Debug|Any CPU.ActiveCfg = Debug|Any CPU
		{BB61AAD2-F59F-4F83-AB69-1F0936875388}.Debug|Any CPU.Build.0 = Debug|Any CPU
		{BB61AAD2-F59F-4F83-AB69-1F0936875388}.Release|Any CPU.ActiveCfg = Release|Any CPU
		{BB61AAD2-F59F-4F83-AB69-1F0936875388}.Release|Any CPU.Build.0 = Release|Any CPU
		{4F6A5DBE-391E-4A89-BB15-3DB604A2A0E7}.Debug|Any CPU.ActiveCfg = Debug|Any CPU
		{4F6A5DBE-391E-4A89-BB15-3DB604A2A0E7}.Debug|Any CPU.Build.0 = Debug|Any CPU
		{4F6A5DBE-391E-4A89-BB15-3DB604A2A0E7}.Release|Any CPU.ActiveCfg = Release|Any CPU
		{4F6A5DBE-391E-4A89-BB15-3DB604A2A0E7}.Release|Any CPU.Build.0 = Release|Any CPU
	EndGlobalSection
	GlobalSection(SolutionProperties) = preSolution
		HideSolutionNode = FALSE
	EndGlobalSection
	GlobalSection(ExtensibilityGlobals) = postSolution
		SolutionGuid = {C3EEF2CA-1CF3-47EC-936A-DF7D44737181}
	EndGlobalSection
EndGlobal
